// !$*UTF8*$!
{
	archiveVersion = 1;
	classes = {
	};
	objectVersion = 50;
	objects = {

/* Begin PBXBuildFile section */
		387BC0BA23AD84C6000A1B9A /* BingleListTableViewController.swift in Sources */ = {isa = PBXBuildFile; fileRef = 387BC0B923AD84C6000A1B9A /* BingleListTableViewController.swift */; };
		387BC0BC23AD8578000A1B9A /* BingeController.swift in Sources */ = {isa = PBXBuildFile; fileRef = 387BC0BB23AD8578000A1B9A /* BingeController.swift */; };
		387BC0BF23AD85D2000A1B9A /* Show.swift in Sources */ = {isa = PBXBuildFile; fileRef = 387BC0BE23AD85D2000A1B9A /* Show.swift */; };
		387BC0C123AD8618000A1B9A /* Episode.swift in Sources */ = {isa = PBXBuildFile; fileRef = 387BC0C023AD8618000A1B9A /* Episode.swift */; };
		387BC0C323AD8665000A1B9A /* BingeTableViewCell.swift in Sources */ = {isa = PBXBuildFile; fileRef = 387BC0C223AD8665000A1B9A /* BingeTableViewCell.swift */; };
		387BC0C523AD86A6000A1B9A /* BingeTableViewCellDelegate.swift in Sources */ = {isa = PBXBuildFile; fileRef = 387BC0C423AD86A6000A1B9A /* BingeTableViewCellDelegate.swift */; };
		389350AA23A9636800AC6BA9 /* AppDelegate.swift in Sources */ = {isa = PBXBuildFile; fileRef = 389350A923A9636800AC6BA9 /* AppDelegate.swift */; };
		389350AC23A9636800AC6BA9 /* SceneDelegate.swift in Sources */ = {isa = PBXBuildFile; fileRef = 389350AB23A9636800AC6BA9 /* SceneDelegate.swift */; };
		389350B123A9636800AC6BA9 /* Main.storyboard in Resources */ = {isa = PBXBuildFile; fileRef = 389350AF23A9636800AC6BA9 /* Main.storyboard */; };
		389350B323A9636C00AC6BA9 /* Assets.xcassets in Resources */ = {isa = PBXBuildFile; fileRef = 389350B223A9636C00AC6BA9 /* Assets.xcassets */; };
		389350B623A9636C00AC6BA9 /* LaunchScreen.storyboard in Resources */ = {isa = PBXBuildFile; fileRef = 389350B423A9636C00AC6BA9 /* LaunchScreen.storyboard */; };
/* End PBXBuildFile section */

/* Begin PBXFileReference section */
		387BC0B923AD84C6000A1B9A /* BingleListTableViewController.swift */ = {isa = PBXFileReference; lastKnownFileType = sourcecode.swift; path = BingleListTableViewController.swift; sourceTree = "<group>"; };
		387BC0BB23AD8578000A1B9A /* BingeController.swift */ = {isa = PBXFileReference; lastKnownFileType = sourcecode.swift; path = BingeController.swift; sourceTree = "<group>"; };
		387BC0BE23AD85D2000A1B9A /* Show.swift */ = {isa = PBXFileReference; lastKnownFileType = sourcecode.swift; name = Show.swift; path = BingeWatchingTracker/Show.swift; sourceTree = SOURCE_ROOT; };
		387BC0C023AD8618000A1B9A /* Episode.swift */ = {isa = PBXFileReference; lastKnownFileType = sourcecode.swift; name = Episode.swift; path = BingeWatchingTracker/Episode.swift; sourceTree = SOURCE_ROOT; };
		387BC0C223AD8665000A1B9A /* BingeTableViewCell.swift */ = {isa = PBXFileReference; lastKnownFileType = sourcecode.swift; path = BingeTableViewCell.swift; sourceTree = "<group>"; };
		387BC0C423AD86A6000A1B9A /* BingeTableViewCellDelegate.swift */ = {isa = PBXFileReference; lastKnownFileType = sourcecode.swift; path = BingeTableViewCellDelegate.swift; sourceTree = "<group>"; };
		389350A623A9636800AC6BA9 /* BingeWatchingTracker.app */ = {isa = PBXFileReference; explicitFileType = wrapper.application; includeInIndex = 0; path = BingeWatchingTracker.app; sourceTree = BUILT_PRODUCTS_DIR; };
		389350A923A9636800AC6BA9 /* AppDelegate.swift */ = {isa = PBXFileReference; lastKnownFileType = sourcecode.swift; path = AppDelegate.swift; sourceTree = "<group>"; };
		389350AB23A9636800AC6BA9 /* SceneDelegate.swift */ = {isa = PBXFileReference; lastKnownFileType = sourcecode.swift; path = SceneDelegate.swift; sourceTree = "<group>"; };
		389350B023A9636800AC6BA9 /* Base */ = {isa = PBXFileReference; lastKnownFileType = file.storyboard; name = Base; path = Base.lproj/Main.storyboard; sourceTree = "<group>"; };
		389350B223A9636C00AC6BA9 /* Assets.xcassets */ = {isa = PBXFileReference; lastKnownFileType = folder.assetcatalog; path = Assets.xcassets; sourceTree = "<group>"; };
		389350B523A9636C00AC6BA9 /* Base */ = {isa = PBXFileReference; lastKnownFileType = file.storyboard; name = Base; path = Base.lproj/LaunchScreen.storyboard; sourceTree = "<group>"; };
		389350B723A9636C00AC6BA9 /* Info.plist */ = {isa = PBXFileReference; lastKnownFileType = text.plist.xml; path = Info.plist; sourceTree = "<group>"; };
/* End PBXFileReference section */

/* Begin PBXFrameworksBuildPhase section */
		389350A323A9636800AC6BA9 /* Frameworks */ = {
			isa = PBXFrameworksBuildPhase;
			buildActionMask = 2147483647;
			files = (
			);
			runOnlyForDeploymentPostprocessing = 0;
		};
/* End PBXFrameworksBuildPhase section */

/* Begin PBXGroup section */
		387BC0B823AD8447000A1B9A /* View Controllers */ = {
			isa = PBXGroup;
			children = (
				387BC0B923AD84C6000A1B9A /* BingleListTableViewController.swift */,
			);
			path = "View Controllers";
			sourceTree = "<group>";
		};
		387BC0BD23AD8584000A1B9A /* Model Controller */ = {
			isa = PBXGroup;
			children = (
				387BC0BB23AD8578000A1B9A /* BingeController.swift */,
			);
			path = "Model Controller";
			sourceTree = "<group>";
		};
		3893509D23A9636800AC6BA9 = {
			isa = PBXGroup;
			children = (
				389350A823A9636800AC6BA9 /* BingeWatchingTracker */,
				389350A723A9636800AC6BA9 /* Products */,
			);
			sourceTree = "<group>";
		};
		389350A723A9636800AC6BA9 /* Products */ = {
			isa = PBXGroup;
			children = (
				389350A623A9636800AC6BA9 /* BingeWatchingTracker.app */,
			);
			name = Products;
			sourceTree = "<group>";
		};
		389350A823A9636800AC6BA9 /* BingeWatchingTracker */ = {
			isa = PBXGroup;
			children = (
				387BC0BD23AD8584000A1B9A /* Model Controller */,
				387BC0B823AD8447000A1B9A /* View Controllers */,
				389350BE23A9793F00AC6BA9 /* Models */,
				389350BF23A9794D00AC6BA9 /* Views */,
				389350BD23A9792B00AC6BA9 /* Controllers */,
				389350C023A9797C00AC6BA9 /* Storyboards */,
				389350C123A979A200AC6BA9 /* Resources */,
				389350B723A9636C00AC6BA9 /* Info.plist */,
				387BC0C223AD8665000A1B9A /* BingeTableViewCell.swift */,
				387BC0C423AD86A6000A1B9A /* BingeTableViewCellDelegate.swift */,
			);
			path = BingeWatchingTracker;
			sourceTree = "<group>";
		};
		389350BD23A9792B00AC6BA9 /* Controllers */ = {
			isa = PBXGroup;
			children = (
			);
			path = Controllers;
			sourceTree = "<group>";
		};
		389350BE23A9793F00AC6BA9 /* Models */ = {
			isa = PBXGroup;
			children = (
				387BC0BE23AD85D2000A1B9A /* Show.swift */,
				387BC0C023AD8618000A1B9A /* Episode.swift */,
			);
			path = Models;
			sourceTree = "<group>";
		};
		389350BF23A9794D00AC6BA9 /* Views */ = {
			isa = PBXGroup;
			children = (
			);
			path = Views;
			sourceTree = "<group>";
		};
		389350C023A9797C00AC6BA9 /* Storyboards */ = {
			isa = PBXGroup;
			children = (
				389350AF23A9636800AC6BA9 /* Main.storyboard */,
				389350B423A9636C00AC6BA9 /* LaunchScreen.storyboard */,
			);
			path = Storyboards;
			sourceTree = "<group>";
		};
		389350C123A979A200AC6BA9 /* Resources */ = {
			isa = PBXGroup;
			children = (
				389350A923A9636800AC6BA9 /* AppDelegate.swift */,
				389350AB23A9636800AC6BA9 /* SceneDelegate.swift */,
				389350B223A9636C00AC6BA9 /* Assets.xcassets */,
			);
			path = Resources;
			sourceTree = "<group>";
		};
/* End PBXGroup section */

/* Begin PBXNativeTarget section */
		389350A523A9636800AC6BA9 /* BingeWatchingTracker */ = {
			isa = PBXNativeTarget;
			buildConfigurationList = 389350BA23A9636C00AC6BA9 /* Build configuration list for PBXNativeTarget "BingeWatchingTracker" */;
			buildPhases = (
				389350A223A9636800AC6BA9 /* Sources */,
				389350A323A9636800AC6BA9 /* Frameworks */,
				389350A423A9636800AC6BA9 /* Resources */,
			);
			buildRules = (
			);
			dependencies = (
			);
			name = BingeWatchingTracker;
			productName = BingeWatchingTracker;
			productReference = 389350A623A9636800AC6BA9 /* BingeWatchingTracker.app */;
			productType = "com.apple.product-type.application";
		};
/* End PBXNativeTarget section */

/* Begin PBXProject section */
		3893509E23A9636800AC6BA9 /* Project object */ = {
			isa = PBXProject;
			attributes = {
				LastSwiftUpdateCheck = 1110;
				LastUpgradeCheck = 1110;
				ORGANIZATIONNAME = TeamFlash;
				TargetAttributes = {
					389350A523A9636800AC6BA9 = {
						CreatedOnToolsVersion = 11.1;
					};
				};
			};
			buildConfigurationList = 389350A123A9636800AC6BA9 /* Build configuration list for PBXProject "BingeWatchingTracker" */;
			compatibilityVersion = "Xcode 9.3";
			developmentRegion = en;
			hasScannedForEncodings = 0;
			knownRegions = (
				en,
				Base,
			);
			mainGroup = 3893509D23A9636800AC6BA9;
			productRefGroup = 389350A723A9636800AC6BA9 /* Products */;
			projectDirPath = "";
			projectRoot = "";
			targets = (
				389350A523A9636800AC6BA9 /* BingeWatchingTracker */,
			);
		};
/* End PBXProject section */

/* Begin PBXResourcesBuildPhase section */
		389350A423A9636800AC6BA9 /* Resources */ = {
			isa = PBXResourcesBuildPhase;
			buildActionMask = 2147483647;
			files = (
				389350B623A9636C00AC6BA9 /* LaunchScreen.storyboard in Resources */,
				389350B323A9636C00AC6BA9 /* Assets.xcassets in Resources */,
				389350B123A9636800AC6BA9 /* Main.storyboard in Resources */,
			);
			runOnlyForDeploymentPostprocessing = 0;
		};
/* End PBXResourcesBuildPhase section */

/* Begin PBXSourcesBuildPhase section */
		389350A223A9636800AC6BA9 /* Sources */ = {
			isa = PBXSourcesBuildPhase;
			buildActionMask = 2147483647;
			files = (
				389350AA23A9636800AC6BA9 /* AppDelegate.swift in Sources */,
				387BC0C123AD8618000A1B9A /* Episode.swift in Sources */,
				387BC0C523AD86A6000A1B9A /* BingeTableViewCellDelegate.swift in Sources */,
				387BC0BC23AD8578000A1B9A /* BingeController.swift in Sources */,
				387BC0C323AD8665000A1B9A /* BingeTableViewCell.swift in Sources */,
				389350AC23A9636800AC6BA9 /* SceneDelegate.swift in Sources */,
				387BC0BF23AD85D2000A1B9A /* Show.swift in Sources */,
				387BC0BA23AD84C6000A1B9A /* BingleListTableViewController.swift in Sources */,
			);
			runOnlyForDeploymentPostprocessing = 0;
		};
/* End PBXSourcesBuildPhase section */

/* Begin PBXVariantGroup section */
		389350AF23A9636800AC6BA9 /* Main.storyboard */ = {
			isa = PBXVariantGroup;
			children = (
				389350B023A9636800AC6BA9 /* Base */,
			);
			name = Main.storyboard;
			sourceTree = "<group>";
		};
		389350B423A9636C00AC6BA9 /* LaunchScreen.storyboard */ = {
			isa = PBXVariantGroup;
			children = (
				389350B523A9636C00AC6BA9 /* Base */,
			);
			name = LaunchScreen.storyboard;
			sourceTree = "<group>";
		};
/* End PBXVariantGroup section */

/* Begin XCBuildConfiguration section */
		389350B823A9636C00AC6BA9 /* Debug */ = {
			isa = XCBuildConfiguration;
			buildSettings = {
				ALWAYS_SEARCH_USER_PATHS = NO;
				CLANG_ANALYZER_NONNULL = YES;
				CLANG_ANALYZER_NUMBER_OBJECT_CONVERSION = YES_AGGRESSIVE;
				CLANG_CXX_LANGUAGE_STANDARD = "gnu++14";
				CLANG_CXX_LIBRARY = "libc++";
				CLANG_ENABLE_MODULES = YES;
				CLANG_ENABLE_OBJC_ARC = YES;
				CLANG_ENABLE_OBJC_WEAK = YES;
				CLANG_WARN_BLOCK_CAPTURE_AUTORELEASING = YES;
				CLANG_WARN_BOOL_CONVERSION = YES;
				CLANG_WARN_COMMA = YES;
				CLANG_WARN_CONSTANT_CONVERSION = YES;
				CLANG_WARN_DEPRECATED_OBJC_IMPLEMENTATIONS = YES;
				CLANG_WARN_DIRECT_OBJC_ISA_USAGE = YES_ERROR;
				CLANG_WARN_DOCUMENTATION_COMMENTS = YES;
				CLANG_WARN_EMPTY_BODY = YES;
				CLANG_WARN_ENUM_CONVERSION = YES;
				CLANG_WARN_INFINITE_RECURSION = YES;
				CLANG_WARN_INT_CONVERSION = YES;
				CLANG_WARN_NON_LITERAL_NULL_CONVERSION = YES;
				CLANG_WARN_OBJC_IMPLICIT_RETAIN_SELF = YES;
				CLANG_WARN_OBJC_LITERAL_CONVERSION = YES;
				CLANG_WARN_OBJC_ROOT_CLASS = YES_ERROR;
				CLANG_WARN_RANGE_LOOP_ANALYSIS = YES;
				CLANG_WARN_STRICT_PROTOTYPES = YES;
				CLANG_WARN_SUSPICIOUS_MOVE = YES;
				CLANG_WARN_UNGUARDED_AVAILABILITY = YES_AGGRESSIVE;
				CLANG_WARN_UNREACHABLE_CODE = YES;
				CLANG_WARN__DUPLICATE_METHOD_MATCH = YES;
				COPY_PHASE_STRIP = NO;
				DEBUG_INFORMATION_FORMAT = dwarf;
				ENABLE_STRICT_OBJC_MSGSEND = YES;
				ENABLE_TESTABILITY = YES;
				GCC_C_LANGUAGE_STANDARD = gnu11;
				GCC_DYNAMIC_NO_PIC = NO;
				GCC_NO_COMMON_BLOCKS = YES;
				GCC_OPTIMIZATION_LEVEL = 0;
				GCC_PREPROCESSOR_DEFINITIONS = (
					"DEBUG=1",
					"$(inherited)",
				);
				GCC_WARN_64_TO_32_BIT_CONVERSION = YES;
				GCC_WARN_ABOUT_RETURN_TYPE = YES_ERROR;
				GCC_WARN_UNDECLARED_SELECTOR = YES;
				GCC_WARN_UNINITIALIZED_AUTOS = YES_AGGRESSIVE;
				GCC_WARN_UNUSED_FUNCTION = YES;
				GCC_WARN_UNUSED_VARIABLE = YES;
				IPHONEOS_DEPLOYMENT_TARGET = 13.1;
				MTL_ENABLE_DEBUG_INFO = INCLUDE_SOURCE;
				MTL_FAST_MATH = YES;
				ONLY_ACTIVE_ARCH = YES;
				SDKROOT = iphoneos;
				SWIFT_ACTIVE_COMPILATION_CONDITIONS = DEBUG;
				SWIFT_OPTIMIZATION_LEVEL = "-Onone";
			};
			name = Debug;
		};
		389350B923A9636C00AC6BA9 /* Release */ = {
			isa = XCBuildConfiguration;
			buildSettings = {
				ALWAYS_SEARCH_USER_PATHS = NO;
				CLANG_ANALYZER_NONNULL = YES;
				CLANG_ANALYZER_NUMBER_OBJECT_CONVERSION = YES_AGGRESSIVE;
				CLANG_CXX_LANGUAGE_STANDARD = "gnu++14";
				CLANG_CXX_LIBRARY = "libc++";
				CLANG_ENABLE_MODULES = YES;
				CLANG_ENABLE_OBJC_ARC = YES;
				CLANG_ENABLE_OBJC_WEAK = YES;
				CLANG_WARN_BLOCK_CAPTURE_AUTORELEASING = YES;
				CLANG_WARN_BOOL_CONVERSION = YES;
				CLANG_WARN_COMMA = YES;
				CLANG_WARN_CONSTANT_CONVERSION = YES;
				CLANG_WARN_DEPRECATED_OBJC_IMPLEMENTATIONS = YES;
				CLANG_WARN_DIRECT_OBJC_ISA_USAGE = YES_ERROR;
				CLANG_WARN_DOCUMENTATION_COMMENTS = YES;
				CLANG_WARN_EMPTY_BODY = YES;
				CLANG_WARN_ENUM_CONVERSION = YES;
				CLANG_WARN_INFINITE_RECURSION = YES;
				CLANG_WARN_INT_CONVERSION = YES;
				CLANG_WARN_NON_LITERAL_NULL_CONVERSION = YES;
				CLANG_WARN_OBJC_IMPLICIT_RETAIN_SELF = YES;
				CLANG_WARN_OBJC_LITERAL_CONVERSION = YES;
				CLANG_WARN_OBJC_ROOT_CLASS = YES_ERROR;
				CLANG_WARN_RANGE_LOOP_ANALYSIS = YES;
				CLANG_WARN_STRICT_PROTOTYPES = YES;
				CLANG_WARN_SUSPICIOUS_MOVE = YES;
				CLANG_WARN_UNGUARDED_AVAILABILITY = YES_AGGRESSIVE;
				CLANG_WARN_UNREACHABLE_CODE = YES;
				CLANG_WARN__DUPLICATE_METHOD_MATCH = YES;
				COPY_PHASE_STRIP = NO;
				DEBUG_INFORMATION_FORMAT = "dwarf-with-dsym";
				ENABLE_NS_ASSERTIONS = NO;
				ENABLE_STRICT_OBJC_MSGSEND = YES;
				GCC_C_LANGUAGE_STANDARD = gnu11;
				GCC_NO_COMMON_BLOCKS = YES;
				GCC_WARN_64_TO_32_BIT_CONVERSION = YES;
				GCC_WARN_ABOUT_RETURN_TYPE = YES_ERROR;
				GCC_WARN_UNDECLARED_SELECTOR = YES;
				GCC_WARN_UNINITIALIZED_AUTOS = YES_AGGRESSIVE;
				GCC_WARN_UNUSED_FUNCTION = YES;
				GCC_WARN_UNUSED_VARIABLE = YES;
				IPHONEOS_DEPLOYMENT_TARGET = 13.1;
				MTL_ENABLE_DEBUG_INFO = NO;
				MTL_FAST_MATH = YES;
				SDKROOT = iphoneos;
				SWIFT_COMPILATION_MODE = wholemodule;
				SWIFT_OPTIMIZATION_LEVEL = "-O";
				VALIDATE_PRODUCT = YES;
			};
			name = Release;
		};
		389350BB23A9636C00AC6BA9 /* Debug */ = {
			isa = XCBuildConfiguration;
			buildSettings = {
				ASSETCATALOG_COMPILER_APPICON_NAME = AppIcon;
				CODE_SIGN_STYLE = Automatic;
				INFOPLIST_FILE = BingeWatchingTracker/Info.plist;
				LD_RUNPATH_SEARCH_PATHS = (
					"$(inherited)",
					"@executable_path/Frameworks",
				);
				PRODUCT_BUNDLE_IDENTIFIER = testingtesting123.BingeWatchingTracker;
				PRODUCT_NAME = "$(TARGET_NAME)";
				SWIFT_VERSION = 5.0;
				TARGETED_DEVICE_FAMILY = "1,2";
			};
			name = Debug;
		};
		389350BC23A9636C00AC6BA9 /* Release */ = {
			isa = XCBuildConfiguration;
			buildSettings = {
				ASSETCATALOG_COMPILER_APPICON_NAME = AppIcon;
				CODE_SIGN_STYLE = Automatic;
				INFOPLIST_FILE = BingeWatchingTracker/Info.plist;
				LD_RUNPATH_SEARCH_PATHS = (
					"$(inherited)",
					"@executable_path/Frameworks",
				);
				PRODUCT_BUNDLE_IDENTIFIER = testingtesting123.BingeWatchingTracker;
				PRODUCT_NAME = "$(TARGET_NAME)";
				SWIFT_VERSION = 5.0;
				TARGETED_DEVICE_FAMILY = "1,2";
			};
			name = Release;
		};
/* End XCBuildConfiguration section */

/* Begin XCConfigurationList section */
		389350A123A9636800AC6BA9 /* Build configuration list for PBXProject "BingeWatchingTracker" */ = {
			isa = XCConfigurationList;
			buildConfigurations = (
				389350B823A9636C00AC6BA9 /* Debug */,
				389350B923A9636C00AC6BA9 /* Release */,
			);
			defaultConfigurationIsVisible = 0;
			defaultConfigurationName = Release;
		};
		389350BA23A9636C00AC6BA9 /* Build configuration list for PBXNativeTarget "BingeWatchingTracker" */ = {
			isa = XCConfigurationList;
			buildConfigurations = (
				389350BB23A9636C00AC6BA9 /* Debug */,
				389350BC23A9636C00AC6BA9 /* Release */,
			);
			defaultConfigurationIsVisible = 0;
			defaultConfigurationName = Release;
		};
/* End XCConfigurationList section */
	};
	rootObject = 3893509E23A9636800AC6BA9 /* Project object */;
}
